// !$*UTF8*$!
{
	archiveVersion = 1;
	classes = {
	};
	objectVersion = 46;
	objects = {

/* Begin PBXBuildFile section */
		BC5807BC1F489EA8009148D9 /* AppDelegate.swift in Sources */ = {isa = PBXBuildFile; fileRef = BC5807BB1F489EA8009148D9 /* AppDelegate.swift */; };
		BC5807BE1F489EA8009148D9 /* ViewController.swift in Sources */ = {isa = PBXBuildFile; fileRef = BC5807BD1F489EA8009148D9 /* ViewController.swift */; };
		BC5807C11F489EA8009148D9 /* Main.storyboard in Resources */ = {isa = PBXBuildFile; fileRef = BC5807BF1F489EA8009148D9 /* Main.storyboard */; };
		BC5807C41F489EA8009148D9 /* camara.xcdatamodeld in Sources */ = {isa = PBXBuildFile; fileRef = BC5807C21F489EA8009148D9 /* camara.xcdatamodeld */; };
		BC5807C61F489EA8009148D9 /* Assets.xcassets in Resources */ = {isa = PBXBuildFile; fileRef = BC5807C51F489EA8009148D9 /* Assets.xcassets */; };
		BC5807C91F489EA8009148D9 /* LaunchScreen.storyboard in Resources */ = {isa = PBXBuildFile; fileRef = BC5807C71F489EA8009148D9 /* LaunchScreen.storyboard */; };
/* End PBXBuildFile section */

/* Begin PBXFileReference section */
		BC5807B81F489EA8009148D9 /* camara.app */ = {isa = PBXFileReference; explicitFileType = wrapper.application; includeInIndex = 0; path = camara.app; sourceTree = BUILT_PRODUCTS_DIR; };
		BC5807BB1F489EA8009148D9 /* AppDelegate.swift */ = {isa = PBXFileReference; lastKnownFileType = sourcecode.swift; path = AppDelegate.swift; sourceTree = "<group>"; };
		BC5807BD1F489EA8009148D9 /* ViewController.swift */ = {isa = PBXFileReference; lastKnownFileType = sourcecode.swift; path = ViewController.swift; sourceTree = "<group>"; };
		BC5807C01F489EA8009148D9 /* Base */ = {isa = PBXFileReference; lastKnownFileType = file.storyboard; name = Base; path = Base.lproj/Main.storyboard; sourceTree = "<group>"; };
		BC5807C31F489EA8009148D9 /* camara.xcdatamodel */ = {isa = PBXFileReference; lastKnownFileType = wrapper.xcdatamodel; path = camara.xcdatamodel; sourceTree = "<group>"; };
		BC5807C51F489EA8009148D9 /* Assets.xcassets */ = {isa = PBXFileReference; lastKnownFileType = folder.assetcatalog; path = Assets.xcassets; sourceTree = "<group>"; };
		BC5807C81F489EA8009148D9 /* Base */ = {isa = PBXFileReference; lastKnownFileType = file.storyboard; name = Base; path = Base.lproj/LaunchScreen.storyboard; sourceTree = "<group>"; };
		BC5807CA1F489EA8009148D9 /* Info.plist */ = {isa = PBXFileReference; lastKnownFileType = text.plist.xml; path = Info.plist; sourceTree = "<group>"; };
/* End PBXFileReference section */

/* Begin PBXFrameworksBuildPhase section */
		BC5807B51F489EA8009148D9 /* Frameworks */ = {
			isa = PBXFrameworksBuildPhase;
			buildActionMask = 2147483647;
			files = (
			);
			runOnlyForDeploymentPostprocessing = 0;
		};
/* End PBXFrameworksBuildPhase section */

/* Begin PBXGroup section */
		BC5807AF1F489EA8009148D9 = {
			isa = PBXGroup;
			children = (
				BC5807BA1F489EA8009148D9 /* camara */,
				BC5807B91F489EA8009148D9 /* Products */,
			);
			sourceTree = "<group>";
		};
		BC5807B91F489EA8009148D9 /* Products */ = {
			isa = PBXGroup;
			children = (
				BC5807B81F489EA8009148D9 /* camara.app */,
			);
			name = Products;
			sourceTree = "<group>";
		};
		BC5807BA1F489EA8009148D9 /* camara */ = {
			isa = PBXGroup;
			children = (
				BC5807BB1F489EA8009148D9 /* AppDelegate.swift */,
				BC5807BD1F489EA8009148D9 /* ViewController.swift */,
				BC5807BF1F489EA8009148D9 /* Main.storyboard */,
				BC5807C51F489EA8009148D9 /* Assets.xcassets */,
				BC5807C71F489EA8009148D9 /* LaunchScreen.storyboard */,
				BC5807CA1F489EA8009148D9 /* Info.plist */,
				BC5807C21F489EA8009148D9 /* camara.xcdatamodeld */,
			);
			path = camara;
			sourceTree = "<group>";
		};
/* End PBXGroup section */

/* Begin PBXNativeTarget section */
		BC5807B71F489EA8009148D9 /* camara */ = {
			isa = PBXNativeTarget;
			buildConfigurationList = BC5807CD1F489EA8009148D9 /* Build configuration list for PBXNativeTarget "camara" */;
			buildPhases = (
				BC5807B41F489EA8009148D9 /* Sources */,
				BC5807B51F489EA8009148D9 /* Frameworks */,
				BC5807B61F489EA8009148D9 /* Resources */,
			);
			buildRules = (
			);
			dependencies = (
			);
			name = camara;
			productName = camara;
			productReference = BC5807B81F489EA8009148D9 /* camara.app */;
			productType = "com.apple.product-type.application";
		};
/* End PBXNativeTarget section */

/* Begin PBXProject section */
		BC5807B01F489EA8009148D9 /* Project object */ = {
			isa = PBXProject;
			attributes = {
				LastSwiftUpdateCheck = 0830;
				LastUpgradeCheck = 0830;
				ORGANIZATIONNAME = abesanchez;
				TargetAttributes = {
					BC5807B71F489EA8009148D9 = {
						CreatedOnToolsVersion = 8.3.3;
						ProvisioningStyle = Automatic;
					};
				};
			};
			buildConfigurationList = BC5807B31F489EA8009148D9 /* Build configuration list for PBXProject "camara" */;
			compatibilityVersion = "Xcode 3.2";
			developmentRegion = English;
			hasScannedForEncodings = 0;
			knownRegions = (
				en,
				Base,
			);
			mainGroup = BC5807AF1F489EA8009148D9;
			productRefGroup = BC5807B91F489EA8009148D9 /* Products */;
			projectDirPath = "";
			projectRoot = "";
			targets = (
				BC5807B71F489EA8009148D9 /* camara */,
			);
		};
/* End PBXProject section */

/* Begin PBXResourcesBuildPhase section */
		BC5807B61F489EA8009148D9 /* Resources */ = {
			isa = PBXResourcesBuildPhase;
			buildActionMask = 2147483647;
			files = (
				BC5807C91F489EA8009148D9 /* LaunchScreen.storyboard in Resources */,
				BC5807C61F489EA8009148D9 /* Assets.xcassets in Resources */,
				BC5807C11F489EA8009148D9 /* Main.storyboard in Resources */,
			);
			runOnlyForDeploymentPostprocessing = 0;
		};
/* End PBXResourcesBuildPhase section */

/* Begin PBXSourcesBuildPhase section */
		BC5807B41F489EA8009148D9 /* Sources */ = {
			isa = PBXSourcesBuildPhase;
			buildActionMask = 2147483647;
			files = (
				BC5807BE1F489EA8009148D9 /* ViewController.swift in Sources */,
				BC5807BC1F489EA8009148D9 /* AppDelegate.swift in Sources */,
				BC5807C41F489EA8009148D9 /* camara.xcdatamodeld in Sources */,
			);
			runOnlyForDeploymentPostprocessing = 0;
		};
/* End PBXSourcesBuildPhase section */

/* Begin PBXVariantGroup section */
		BC5807BF1F489EA8009148D9 /* Main.storyboard */ = {
			isa = PBXVariantGroup;
			children = (
				BC5807C01F489EA8009148D9 /* Base */,
			);
			name = Main.storyboard;
			sourceTree = "<group>";
		};
		BC5807C71F489EA8009148D9 /* LaunchScreen.storyboard */ = {
			isa = PBXVariantGroup;
			children = (
				BC5807C81F489EA8009148D9 /* Base */,
			);
			name = LaunchScreen.storyboard;
			sourceTree = "<group>";
		};
/* End PBXVariantGroup section */

/* Begin XCBuildConfiguration section */
		BC5807CB1F489EA8009148D9 /* Debug */ = {
			isa = XCBuildConfiguration;
			buildSettings = {
				ALWAYS_SEARCH_USER_PATHS = NO;
				CLANG_ANALYZER_NONNULL = YES;
				CLANG_ANALYZER_NUMBER_OBJECT_CONVERSION = YES_AGGRESSIVE;
				CLANG_CXX_LANGUAGE_STANDARD = "gnu++0x";
				CLANG_CXX_LIBRARY = "libc++";
				CLANG_ENABLE_MODULES = YES;
				CLANG_ENABLE_OBJC_ARC = YES;
				CLANG_WARN_BOOL_CONVERSION = YES;
				CLANG_WARN_CONSTANT_CONVERSION = YES;
				CLANG_WARN_DIRECT_OBJC_ISA_USAGE = YES_ERROR;
				CLANG_WARN_DOCUMENTATION_COMMENTS = YES;
				CLANG_WARN_EMPTY_BODY = YES;
				CLANG_WARN_ENUM_CONVERSION = YES;
				CLANG_WARN_INFINITE_RECURSION = YES;
				CLANG_WARN_INT_CONVERSION = YES;
				CLANG_WARN_OBJC_ROOT_CLASS = YES_ERROR;
				CLANG_WARN_SUSPICIOUS_MOVE = YES;
				CLANG_WARN_UNREACHABLE_CODE = YES;
				CLANG_WARN__DUPLICATE_METHOD_MATCH = YES;
				"CODE_SIGN_IDENTITY[sdk=iphoneos*]" = "iPhone Developer";
				COPY_PHASE_STRIP = NO;
				DEBUG_INFORMATION_FORMAT = dwarf;
				ENABLE_STRICT_OBJC_MSGSEND = YES;
				ENABLE_TESTABILITY = YES;
				GCC_C_LANGUAGE_STANDARD = gnu99;
				GCC_DYNAMIC_NO_PIC = NO;
				GCC_NO_COMMON_BLOCKS = YES;
				GCC_OPTIMIZATION_LEVEL = 0;
				GCC_PREPROCESSOR_DEFINITIONS = (
					"DEBUG=1",
					"$(inherited)",
				);
				GCC_WARN_64_TO_32_BIT_CONVERSION = YES;
				GCC_WARN_ABOUT_RETURN_TYPE = YES_ERROR;
				GCC_WARN_UNDECLARED_SELECTOR = YES;
				GCC_WARN_UNINITIALIZED_AUTOS = YES_AGGRESSIVE;
				GCC_WARN_UNUSED_FUNCTION = YES;
				GCC_WARN_UNUSED_VARIABLE = YES;
				IPHONEOS_DEPLOYMENT_TARGET = 10.3;
				MTL_ENABLE_DEBUG_INFO = YES;
				ONLY_ACTIVE_ARCH = YES;
				SDKROOT = iphoneos;
				SWIFT_ACTIVE_COMPILATION_CONDITIONS = DEBUG;
				SWIFT_OPTIMIZATION_LEVEL = "-Onone";
				TARGETED_DEVICE_FAMILY = "1,2";
			};
			name = Debug;
		};
		BC5807CC1F489EA8009148D9 /* Release */ = {
			isa = XCBuildConfiguration;
			buildSettings = {
				ALWAYS_SEARCH_USER_PATHS = NO;
				CLANG_ANALYZER_NONNULL = YES;
				CLANG_ANALYZER_NUMBER_OBJECT_CONVERSION = YES_AGGRESSIVE;
				CLANG_CXX_LANGUAGE_STANDARD = "gnu++0x";
				CLANG_CXX_LIBRARY = "libc++";
				CLANG_ENABLE_MODULES = YES;
				CLANG_ENABLE_OBJC_ARC = YES;
				CLANG_WARN_BOOL_CONVERSION = YES;
				CLANG_WARN_CONSTANT_CONVERSION = YES;
				CLANG_WARN_DIRECT_OBJC_ISA_USAGE = YES_ERROR;
				CLANG_WARN_DOCUMENTATION_COMMENTS = YES;
				CLANG_WARN_EMPTY_BODY = YES;
				CLANG_WARN_ENUM_CONVERSION = YES;
				CLANG_WARN_INFINITE_RECURSION = YES;
				CLANG_WARN_INT_CONVERSION = YES;
				CLANG_WARN_OBJC_ROOT_CLASS = YES_ERROR;
				CLANG_WARN_SUSPICIOUS_MOVE = YES;
				CLANG_WARN_UNREACHABLE_CODE = YES;
				CLANG_WARN__DUPLICATE_METHOD_MATCH = YES;
				"CODE_SIGN_IDENTITY[sdk=iphoneos*]" = "iPhone Developer";
				COPY_PHASE_STRIP = NO;
				DEBUG_INFORMATION_FORMAT = "dwarf-with-dsym";
				ENABLE_NS_ASSERTIONS = NO;
				ENABLE_STRICT_OBJC_MSGSEND = YES;
				GCC_C_LANGUAGE_STANDARD = gnu99;
				GCC_NO_COMMON_BLOCKS = YES;
				GCC_WARN_64_TO_32_BIT_CONVERSION = YES;
				GCC_WARN_ABOUT_RETURN_TYPE = YES_ERROR;
				GCC_WARN_UNDECLARED_SELECTOR = YES;
				GCC_WARN_UNINITIALIZED_AUTOS = YES_AGGRESSIVE;
				GCC_WARN_UNUSED_FUNCTION = YES;
				GCC_WARN_UNUSED_VARIABLE = YES;
				IPHONEOS_DEPLOYMENT_TARGET = 10.3;
				MTL_ENABLE_DEBUG_INFO = NO;
				SDKROOT = iphoneos;
				SWIFT_OPTIMIZATION_LEVEL = "-Owholemodule";
				TARGETED_DEVICE_FAMILY = "1,2";
				VALIDATE_PRODUCT = YES;
			};
			name = Release;
		};
		BC5807CE1F489EA8009148D9 /* Debug */ = {
			isa = XCBuildConfiguration;
			buildSettings = {
				ASSETCATALOG_COMPILER_APPICON_NAME = AppIcon;
				INFOPLIST_FILE = camara/Info.plist;
				LD_RUNPATH_SEARCH_PATHS = "$(inherited) @executable_path/Frameworks";
				PRODUCT_BUNDLE_IDENTIFIER = caliente.camara;
				PRODUCT_NAME = "$(TARGET_NAME)";
				SWIFT_VERSION = 3.0;
			};
			name = Debug;
		};
		BC5807CF1F489EA8009148D9 /* Release */ = {
			isa = XCBuildConfiguration;
			buildSettings = {
				ASSETCATALOG_COMPILER_APPICON_NAME = AppIcon;
				INFOPLIST_FILE = camara/Info.plist;
				LD_RUNPATH_SEARCH_PATHS = "$(inherited) @executable_path/Frameworks";
				PRODUCT_BUNDLE_IDENTIFIER = caliente.camara;
				PRODUCT_NAME = "$(TARGET_NAME)";
				SWIFT_VERSION = 3.0;
			};
			name = Release;
		};
/* End XCBuildConfiguration section */

/* Begin XCConfigurationList section */
		BC5807B31F489EA8009148D9 /* Build configuration list for PBXProject "camara" */ = {
			isa = XCConfigurationList;
			buildConfigurations = (
				BC5807CB1F489EA8009148D9 /* Debug */,
				BC5807CC1F489EA8009148D9 /* Release */,
			);
			defaultConfigurationIsVisible = 0;
			defaultConfigurationName = Release;
		};
		BC5807CD1F489EA8009148D9 /* Build configuration list for PBXNativeTarget "camara" */ = {
			isa = XCConfigurationList;
			buildConfigurations = (
				BC5807CE1F489EA8009148D9 /* Debug */,
				BC5807CF1F489EA8009148D9 /* Release */,
			);
			defaultConfigurationIsVisible = 0;
		};
/* End XCConfigurationList section */

/* Begin XCVersionGroup section */
		BC5807C21F489EA8009148D9 /* camara.xcdatamodeld */ = {
			isa = XCVersionGroup;
			children = (
				BC5807C31F489EA8009148D9 /* camara.xcdatamodel */,
			);
			currentVersion = BC5807C31F489EA8009148D9 /* camara.xcdatamodel */;
			path = camara.xcdatamodeld;
			sourceTree = "<group>";
			versionGroupType = wrapper.xcdatamodel;
		};
/* End XCVersionGroup section */
	};
	rootObject = BC5807B01F489EA8009148D9 /* Project object */;
}
