// !$*UTF8*$!
{
	archiveVersion = 1;
	classes = {
	};
	objectVersion = 46;
	objects = {

/* Begin PBXBuildFile section */
		BC4EBCB71F43B11700B1CF06 /* AppDelegate.swift in Sources */ = {isa = PBXBuildFile; fileRef = BC4EBCB61F43B11700B1CF06 /* AppDelegate.swift */; };
		BC4EBCB91F43B11700B1CF06 /* RootViewController.swift in Sources */ = {isa = PBXBuildFile; fileRef = BC4EBCB81F43B11700B1CF06 /* RootViewController.swift */; };
		BC4EBCBB1F43B11700B1CF06 /* DataViewController.swift in Sources */ = {isa = PBXBuildFile; fileRef = BC4EBCBA1F43B11700B1CF06 /* DataViewController.swift */; };
		BC4EBCBD1F43B11700B1CF06 /* ModelController.swift in Sources */ = {isa = PBXBuildFile; fileRef = BC4EBCBC1F43B11700B1CF06 /* ModelController.swift */; };
		BC4EBCC01F43B11700B1CF06 /* Main.storyboard in Resources */ = {isa = PBXBuildFile; fileRef = BC4EBCBE1F43B11700B1CF06 /* Main.storyboard */; };
		BC4EBCC21F43B11700B1CF06 /* Assets.xcassets in Resources */ = {isa = PBXBuildFile; fileRef = BC4EBCC11F43B11700B1CF06 /* Assets.xcassets */; };
		BC4EBCC51F43B11700B1CF06 /* LaunchScreen.storyboard in Resources */ = {isa = PBXBuildFile; fileRef = BC4EBCC31F43B11700B1CF06 /* LaunchScreen.storyboard */; };
/* End PBXBuildFile section */

/* Begin PBXFileReference section */
		BC4EBCB31F43B11700B1CF06 /* PageControl.app */ = {isa = PBXFileReference; explicitFileType = wrapper.application; includeInIndex = 0; path = PageControl.app; sourceTree = BUILT_PRODUCTS_DIR; };
		BC4EBCB61F43B11700B1CF06 /* AppDelegate.swift */ = {isa = PBXFileReference; lastKnownFileType = sourcecode.swift; path = AppDelegate.swift; sourceTree = "<group>"; };
		BC4EBCB81F43B11700B1CF06 /* RootViewController.swift */ = {isa = PBXFileReference; lastKnownFileType = sourcecode.swift; path = RootViewController.swift; sourceTree = "<group>"; };
		BC4EBCBA1F43B11700B1CF06 /* DataViewController.swift */ = {isa = PBXFileReference; lastKnownFileType = sourcecode.swift; path = DataViewController.swift; sourceTree = "<group>"; };
		BC4EBCBC1F43B11700B1CF06 /* ModelController.swift */ = {isa = PBXFileReference; lastKnownFileType = sourcecode.swift; path = ModelController.swift; sourceTree = "<group>"; };
		BC4EBCBF1F43B11700B1CF06 /* Base */ = {isa = PBXFileReference; lastKnownFileType = file.storyboard; name = Base; path = Base.lproj/Main.storyboard; sourceTree = "<group>"; };
		BC4EBCC11F43B11700B1CF06 /* Assets.xcassets */ = {isa = PBXFileReference; lastKnownFileType = folder.assetcatalog; path = Assets.xcassets; sourceTree = "<group>"; };
		BC4EBCC41F43B11700B1CF06 /* Base */ = {isa = PBXFileReference; lastKnownFileType = file.storyboard; name = Base; path = Base.lproj/LaunchScreen.storyboard; sourceTree = "<group>"; };
		BC4EBCC61F43B11700B1CF06 /* Info.plist */ = {isa = PBXFileReference; lastKnownFileType = text.plist.xml; path = Info.plist; sourceTree = "<group>"; };
/* End PBXFileReference section */

/* Begin PBXFrameworksBuildPhase section */
		BC4EBCB01F43B11700B1CF06 /* Frameworks */ = {
			isa = PBXFrameworksBuildPhase;
			buildActionMask = 2147483647;
			files = (
			);
			runOnlyForDeploymentPostprocessing = 0;
		};
/* End PBXFrameworksBuildPhase section */

/* Begin PBXGroup section */
		BC4EBCAA1F43B11700B1CF06 = {
			isa = PBXGroup;
			children = (
				BC4EBCB51F43B11700B1CF06 /* PageControl */,
				BC4EBCB41F43B11700B1CF06 /* Products */,
			);
			sourceTree = "<group>";
		};
		BC4EBCB41F43B11700B1CF06 /* Products */ = {
			isa = PBXGroup;
			children = (
				BC4EBCB31F43B11700B1CF06 /* PageControl.app */,
			);
			name = Products;
			sourceTree = "<group>";
		};
		BC4EBCB51F43B11700B1CF06 /* PageControl */ = {
			isa = PBXGroup;
			children = (
				BC4EBCB61F43B11700B1CF06 /* AppDelegate.swift */,
				BC4EBCB81F43B11700B1CF06 /* RootViewController.swift */,
				BC4EBCBA1F43B11700B1CF06 /* DataViewController.swift */,
				BC4EBCBC1F43B11700B1CF06 /* ModelController.swift */,
				BC4EBCBE1F43B11700B1CF06 /* Main.storyboard */,
				BC4EBCC11F43B11700B1CF06 /* Assets.xcassets */,
				BC4EBCC31F43B11700B1CF06 /* LaunchScreen.storyboard */,
				BC4EBCC61F43B11700B1CF06 /* Info.plist */,
			);
			path = PageControl;
			sourceTree = "<group>";
		};
/* End PBXGroup section */

/* Begin PBXNativeTarget section */
		BC4EBCB21F43B11700B1CF06 /* PageControl */ = {
			isa = PBXNativeTarget;
			buildConfigurationList = BC4EBCC91F43B11700B1CF06 /* Build configuration list for PBXNativeTarget "PageControl" */;
			buildPhases = (
				BC4EBCAF1F43B11700B1CF06 /* Sources */,
				BC4EBCB01F43B11700B1CF06 /* Frameworks */,
				BC4EBCB11F43B11700B1CF06 /* Resources */,
			);
			buildRules = (
			);
			dependencies = (
			);
			name = PageControl;
			productName = PageControl;
			productReference = BC4EBCB31F43B11700B1CF06 /* PageControl.app */;
			productType = "com.apple.product-type.application";
		};
/* End PBXNativeTarget section */

/* Begin PBXProject section */
		BC4EBCAB1F43B11700B1CF06 /* Project object */ = {
			isa = PBXProject;
			attributes = {
				LastSwiftUpdateCheck = 0810;
				LastUpgradeCheck = 0810;
				ORGANIZATIONNAME = abesanchez;
				TargetAttributes = {
					BC4EBCB21F43B11700B1CF06 = {
						CreatedOnToolsVersion = 8.1;
						ProvisioningStyle = Automatic;
					};
				};
			};
			buildConfigurationList = BC4EBCAE1F43B11700B1CF06 /* Build configuration list for PBXProject "PageControl" */;
			compatibilityVersion = "Xcode 3.2";
			developmentRegion = English;
			hasScannedForEncodings = 0;
			knownRegions = (
				en,
				Base,
			);
			mainGroup = BC4EBCAA1F43B11700B1CF06;
			productRefGroup = BC4EBCB41F43B11700B1CF06 /* Products */;
			projectDirPath = "";
			projectRoot = "";
			targets = (
				BC4EBCB21F43B11700B1CF06 /* PageControl */,
			);
		};
/* End PBXProject section */

/* Begin PBXResourcesBuildPhase section */
		BC4EBCB11F43B11700B1CF06 /* Resources */ = {
			isa = PBXResourcesBuildPhase;
			buildActionMask = 2147483647;
			files = (
				BC4EBCC51F43B11700B1CF06 /* LaunchScreen.storyboard in Resources */,
				BC4EBCC21F43B11700B1CF06 /* Assets.xcassets in Resources */,
				BC4EBCC01F43B11700B1CF06 /* Main.storyboard in Resources */,
			);
			runOnlyForDeploymentPostprocessing = 0;
		};
/* End PBXResourcesBuildPhase section */

/* Begin PBXSourcesBuildPhase section */
		BC4EBCAF1F43B11700B1CF06 /* Sources */ = {
			isa = PBXSourcesBuildPhase;
			buildActionMask = 2147483647;
			files = (
				BC4EBCB91F43B11700B1CF06 /* RootViewController.swift in Sources */,
				BC4EBCBD1F43B11700B1CF06 /* ModelController.swift in Sources */,
				BC4EBCBB1F43B11700B1CF06 /* DataViewController.swift in Sources */,
				BC4EBCB71F43B11700B1CF06 /* AppDelegate.swift in Sources */,
			);
			runOnlyForDeploymentPostprocessing = 0;
		};
/* End PBXSourcesBuildPhase section */

/* Begin PBXVariantGroup section */
		BC4EBCBE1F43B11700B1CF06 /* Main.storyboard */ = {
			isa = PBXVariantGroup;
			children = (
				BC4EBCBF1F43B11700B1CF06 /* Base */,
			);
			name = Main.storyboard;
			sourceTree = "<group>";
		};
		BC4EBCC31F43B11700B1CF06 /* LaunchScreen.storyboard */ = {
			isa = PBXVariantGroup;
			children = (
				BC4EBCC41F43B11700B1CF06 /* Base */,
			);
			name = LaunchScreen.storyboard;
			sourceTree = "<group>";
		};
/* End PBXVariantGroup section */

/* Begin XCBuildConfiguration section */
		BC4EBCC71F43B11700B1CF06 /* Debug */ = {
			isa = XCBuildConfiguration;
			buildSettings = {
				ALWAYS_SEARCH_USER_PATHS = NO;
				CLANG_ANALYZER_NONNULL = YES;
				CLANG_CXX_LANGUAGE_STANDARD = "gnu++0x";
				CLANG_CXX_LIBRARY = "libc++";
				CLANG_ENABLE_MODULES = YES;
				CLANG_ENABLE_OBJC_ARC = YES;
				CLANG_WARN_BOOL_CONVERSION = YES;
				CLANG_WARN_CONSTANT_CONVERSION = YES;
				CLANG_WARN_DIRECT_OBJC_ISA_USAGE = YES_ERROR;
				CLANG_WARN_DOCUMENTATION_COMMENTS = YES;
				CLANG_WARN_EMPTY_BODY = YES;
				CLANG_WARN_ENUM_CONVERSION = YES;
				CLANG_WARN_INFINITE_RECURSION = YES;
				CLANG_WARN_INT_CONVERSION = YES;
				CLANG_WARN_OBJC_ROOT_CLASS = YES_ERROR;
				CLANG_WARN_SUSPICIOUS_MOVES = YES;
				CLANG_WARN_UNREACHABLE_CODE = YES;
				CLANG_WARN__DUPLICATE_METHOD_MATCH = YES;
				"CODE_SIGN_IDENTITY[sdk=iphoneos*]" = "iPhone Developer";
				COPY_PHASE_STRIP = NO;
				DEBUG_INFORMATION_FORMAT = dwarf;
				ENABLE_STRICT_OBJC_MSGSEND = YES;
				ENABLE_TESTABILITY = YES;
				GCC_C_LANGUAGE_STANDARD = gnu99;
				GCC_DYNAMIC_NO_PIC = NO;
				GCC_NO_COMMON_BLOCKS = YES;
				GCC_OPTIMIZATION_LEVEL = 0;
				GCC_PREPROCESSOR_DEFINITIONS = (
					"DEBUG=1",
					"$(inherited)",
				);
				GCC_WARN_64_TO_32_BIT_CONVERSION = YES;
				GCC_WARN_ABOUT_RETURN_TYPE = YES_ERROR;
				GCC_WARN_UNDECLARED_SELECTOR = YES;
				GCC_WARN_UNINITIALIZED_AUTOS = YES_AGGRESSIVE;
				GCC_WARN_UNUSED_FUNCTION = YES;
				GCC_WARN_UNUSED_VARIABLE = YES;
				IPHONEOS_DEPLOYMENT_TARGET = 10.1;
				MTL_ENABLE_DEBUG_INFO = YES;
				ONLY_ACTIVE_ARCH = YES;
				SDKROOT = iphoneos;
				SWIFT_ACTIVE_COMPILATION_CONDITIONS = DEBUG;
				SWIFT_OPTIMIZATION_LEVEL = "-Onone";
			};
			name = Debug;
		};
		BC4EBCC81F43B11700B1CF06 /* Release */ = {
			isa = XCBuildConfiguration;
			buildSettings = {
				ALWAYS_SEARCH_USER_PATHS = NO;
				CLANG_ANALYZER_NONNULL = YES;
				CLANG_CXX_LANGUAGE_STANDARD = "gnu++0x";
				CLANG_CXX_LIBRARY = "libc++";
				CLANG_ENABLE_MODULES = YES;
				CLANG_ENABLE_OBJC_ARC = YES;
				CLANG_WARN_BOOL_CONVERSION = YES;
				CLANG_WARN_CONSTANT_CONVERSION = YES;
				CLANG_WARN_DIRECT_OBJC_ISA_USAGE = YES_ERROR;
				CLANG_WARN_DOCUMENTATION_COMMENTS = YES;
				CLANG_WARN_EMPTY_BODY = YES;
				CLANG_WARN_ENUM_CONVERSION = YES;
				CLANG_WARN_INFINITE_RECURSION = YES;
				CLANG_WARN_INT_CONVERSION = YES;
				CLANG_WARN_OBJC_ROOT_CLASS = YES_ERROR;
				CLANG_WARN_SUSPICIOUS_MOVES = YES;
				CLANG_WARN_UNREACHABLE_CODE = YES;
				CLANG_WARN__DUPLICATE_METHOD_MATCH = YES;
				"CODE_SIGN_IDENTITY[sdk=iphoneos*]" = "iPhone Developer";
				COPY_PHASE_STRIP = NO;
				DEBUG_INFORMATION_FORMAT = "dwarf-with-dsym";
				ENABLE_NS_ASSERTIONS = NO;
				ENABLE_STRICT_OBJC_MSGSEND = YES;
				GCC_C_LANGUAGE_STANDARD = gnu99;
				GCC_NO_COMMON_BLOCKS = YES;
				GCC_WARN_64_TO_32_BIT_CONVERSION = YES;
				GCC_WARN_ABOUT_RETURN_TYPE = YES_ERROR;
				GCC_WARN_UNDECLARED_SELECTOR = YES;
				GCC_WARN_UNINITIALIZED_AUTOS = YES_AGGRESSIVE;
				GCC_WARN_UNUSED_FUNCTION = YES;
				GCC_WARN_UNUSED_VARIABLE = YES;
				IPHONEOS_DEPLOYMENT_TARGET = 10.1;
				MTL_ENABLE_DEBUG_INFO = NO;
				SDKROOT = iphoneos;
				SWIFT_OPTIMIZATION_LEVEL = "-Owholemodule";
				VALIDATE_PRODUCT = YES;
			};
			name = Release;
		};
		BC4EBCCA1F43B11700B1CF06 /* Debug */ = {
			isa = XCBuildConfiguration;
			buildSettings = {
				ASSETCATALOG_COMPILER_APPICON_NAME = AppIcon;
				INFOPLIST_FILE = PageControl/Info.plist;
				LD_RUNPATH_SEARCH_PATHS = "$(inherited) @executable_path/Frameworks";
				PRODUCT_BUNDLE_IDENTIFIER = caliente.PageControl;
				PRODUCT_NAME = "$(TARGET_NAME)";
				SWIFT_VERSION = 3.0;
			};
			name = Debug;
		};
		BC4EBCCB1F43B11700B1CF06 /* Release */ = {
			isa = XCBuildConfiguration;
			buildSettings = {
				ASSETCATALOG_COMPILER_APPICON_NAME = AppIcon;
				INFOPLIST_FILE = PageControl/Info.plist;
				LD_RUNPATH_SEARCH_PATHS = "$(inherited) @executable_path/Frameworks";
				PRODUCT_BUNDLE_IDENTIFIER = caliente.PageControl;
				PRODUCT_NAME = "$(TARGET_NAME)";
				SWIFT_VERSION = 3.0;
			};
			name = Release;
		};
/* End XCBuildConfiguration section */

/* Begin XCConfigurationList section */
		BC4EBCAE1F43B11700B1CF06 /* Build configuration list for PBXProject "PageControl" */ = {
			isa = XCConfigurationList;
			buildConfigurations = (
				BC4EBCC71F43B11700B1CF06 /* Debug */,
				BC4EBCC81F43B11700B1CF06 /* Release */,
			);
			defaultConfigurationIsVisible = 0;
			defaultConfigurationName = Release;
		};
		BC4EBCC91F43B11700B1CF06 /* Build configuration list for PBXNativeTarget "PageControl" */ = {
			isa = XCConfigurationList;
			buildConfigurations = (
				BC4EBCCA1F43B11700B1CF06 /* Debug */,
				BC4EBCCB1F43B11700B1CF06 /* Release */,
			);
			defaultConfigurationIsVisible = 0;
		};
/* End XCConfigurationList section */
	};
	rootObject = BC4EBCAB1F43B11700B1CF06 /* Project object */;
}
