// !$*UTF8*$!
{
	archiveVersion = 1;
	classes = {
	};
	objectVersion = 46;
	objects = {

/* Begin PBXBuildFile section */
		BC9136AD1F422DE6003A4E17 /* AppDelegate.swift in Sources */ = {isa = PBXBuildFile; fileRef = BC9136AC1F422DE6003A4E17 /* AppDelegate.swift */; };
		BC9136AF1F422DE6003A4E17 /* ViewController.swift in Sources */ = {isa = PBXBuildFile; fileRef = BC9136AE1F422DE6003A4E17 /* ViewController.swift */; };
		BC9136B21F422DE6003A4E17 /* Main.storyboard in Resources */ = {isa = PBXBuildFile; fileRef = BC9136B01F422DE6003A4E17 /* Main.storyboard */; };
		BC9136B41F422DE6003A4E17 /* Assets.xcassets in Resources */ = {isa = PBXBuildFile; fileRef = BC9136B31F422DE6003A4E17 /* Assets.xcassets */; };
		BC9136B71F422DE6003A4E17 /* LaunchScreen.storyboard in Resources */ = {isa = PBXBuildFile; fileRef = BC9136B51F422DE6003A4E17 /* LaunchScreen.storyboard */; };
		BC9136BF1F423120003A4E17 /* mercedes_logo.png in Resources */ = {isa = PBXBuildFile; fileRef = BC9136BE1F423120003A4E17 /* mercedes_logo.png */; };
		BC9136C11F423374003A4E17 /* mercedes-car.jpg in Resources */ = {isa = PBXBuildFile; fileRef = BC9136C01F423374003A4E17 /* mercedes-car.jpg */; };
		BC9136C91F423870003A4E17 /* View2Controller.swift in Sources */ = {isa = PBXBuildFile; fileRef = BC9136C81F423870003A4E17 /* View2Controller.swift */; };
/* End PBXBuildFile section */

/* Begin PBXFileReference section */
		BC9136A91F422DE6003A4E17 /* mercedez.app */ = {isa = PBXFileReference; explicitFileType = wrapper.application; includeInIndex = 0; path = mercedez.app; sourceTree = BUILT_PRODUCTS_DIR; };
		BC9136AC1F422DE6003A4E17 /* AppDelegate.swift */ = {isa = PBXFileReference; lastKnownFileType = sourcecode.swift; path = AppDelegate.swift; sourceTree = "<group>"; };
		BC9136AE1F422DE6003A4E17 /* ViewController.swift */ = {isa = PBXFileReference; lastKnownFileType = sourcecode.swift; path = ViewController.swift; sourceTree = "<group>"; };
		BC9136B11F422DE6003A4E17 /* Base */ = {isa = PBXFileReference; lastKnownFileType = file.storyboard; name = Base; path = Base.lproj/Main.storyboard; sourceTree = "<group>"; };
		BC9136B31F422DE6003A4E17 /* Assets.xcassets */ = {isa = PBXFileReference; lastKnownFileType = folder.assetcatalog; path = Assets.xcassets; sourceTree = "<group>"; };
		BC9136B61F422DE6003A4E17 /* Base */ = {isa = PBXFileReference; lastKnownFileType = file.storyboard; name = Base; path = Base.lproj/LaunchScreen.storyboard; sourceTree = "<group>"; };
		BC9136B81F422DE6003A4E17 /* Info.plist */ = {isa = PBXFileReference; lastKnownFileType = text.plist.xml; path = Info.plist; sourceTree = "<group>"; };
		BC9136BE1F423120003A4E17 /* mercedes_logo.png */ = {isa = PBXFileReference; lastKnownFileType = image.png; name = mercedes_logo.png; path = ../../../../Downloads/mercedes_logo.png; sourceTree = "<group>"; };
		BC9136C01F423374003A4E17 /* mercedes-car.jpg */ = {isa = PBXFileReference; lastKnownFileType = image.jpeg; name = "mercedes-car.jpg"; path = "../../../../Downloads/mercedes-car.jpg"; sourceTree = "<group>"; };
		BC9136C81F423870003A4E17 /* View2Controller.swift */ = {isa = PBXFileReference; fileEncoding = 4; lastKnownFileType = sourcecode.swift; name = View2Controller.swift; path = ../View2Controller.swift; sourceTree = "<group>"; };
/* End PBXFileReference section */

/* Begin PBXFrameworksBuildPhase section */
		BC9136A61F422DE6003A4E17 /* Frameworks */ = {
			isa = PBXFrameworksBuildPhase;
			buildActionMask = 2147483647;
			files = (
			);
			runOnlyForDeploymentPostprocessing = 0;
		};
/* End PBXFrameworksBuildPhase section */

/* Begin PBXGroup section */
		BC9136A01F422DE6003A4E17 = {
			isa = PBXGroup;
			children = (
				BC9136AB1F422DE6003A4E17 /* mercedez */,
				BC9136AA1F422DE6003A4E17 /* Products */,
			);
			sourceTree = "<group>";
		};
		BC9136AA1F422DE6003A4E17 /* Products */ = {
			isa = PBXGroup;
			children = (
				BC9136A91F422DE6003A4E17 /* mercedez.app */,
			);
			name = Products;
			sourceTree = "<group>";
		};
		BC9136AB1F422DE6003A4E17 /* mercedez */ = {
			isa = PBXGroup;
			children = (
				BC9136C01F423374003A4E17 /* mercedes-car.jpg */,
				BC9136AC1F422DE6003A4E17 /* AppDelegate.swift */,
				BC9136AE1F422DE6003A4E17 /* ViewController.swift */,
				BC9136C81F423870003A4E17 /* View2Controller.swift */,
				BC9136B01F422DE6003A4E17 /* Main.storyboard */,
				BC9136B31F422DE6003A4E17 /* Assets.xcassets */,
				BC9136BE1F423120003A4E17 /* mercedes_logo.png */,
				BC9136B51F422DE6003A4E17 /* LaunchScreen.storyboard */,
				BC9136B81F422DE6003A4E17 /* Info.plist */,
			);
			path = mercedez;
			sourceTree = "<group>";
		};
/* End PBXGroup section */

/* Begin PBXNativeTarget section */
		BC9136A81F422DE6003A4E17 /* mercedez */ = {
			isa = PBXNativeTarget;
			buildConfigurationList = BC9136BB1F422DE6003A4E17 /* Build configuration list for PBXNativeTarget "mercedez" */;
			buildPhases = (
				BC9136A51F422DE6003A4E17 /* Sources */,
				BC9136A61F422DE6003A4E17 /* Frameworks */,
				BC9136A71F422DE6003A4E17 /* Resources */,
			);
			buildRules = (
			);
			dependencies = (
			);
			name = mercedez;
			productName = mercedez;
			productReference = BC9136A91F422DE6003A4E17 /* mercedez.app */;
			productType = "com.apple.product-type.application";
		};
/* End PBXNativeTarget section */

/* Begin PBXProject section */
		BC9136A11F422DE6003A4E17 /* Project object */ = {
			isa = PBXProject;
			attributes = {
				LastSwiftUpdateCheck = 0810;
				LastUpgradeCheck = 0810;
				ORGANIZATIONNAME = abesanchez;
				TargetAttributes = {
					BC9136A81F422DE6003A4E17 = {
						CreatedOnToolsVersion = 8.1;
						ProvisioningStyle = Automatic;
					};
				};
			};
			buildConfigurationList = BC9136A41F422DE6003A4E17 /* Build configuration list for PBXProject "mercedez" */;
			compatibilityVersion = "Xcode 3.2";
			developmentRegion = English;
			hasScannedForEncodings = 0;
			knownRegions = (
				en,
				Base,
			);
			mainGroup = BC9136A01F422DE6003A4E17;
			productRefGroup = BC9136AA1F422DE6003A4E17 /* Products */;
			projectDirPath = "";
			projectRoot = "";
			targets = (
				BC9136A81F422DE6003A4E17 /* mercedez */,
			);
		};
/* End PBXProject section */

/* Begin PBXResourcesBuildPhase section */
		BC9136A71F422DE6003A4E17 /* Resources */ = {
			isa = PBXResourcesBuildPhase;
			buildActionMask = 2147483647;
			files = (
				BC9136C11F423374003A4E17 /* mercedes-car.jpg in Resources */,
				BC9136BF1F423120003A4E17 /* mercedes_logo.png in Resources */,
				BC9136B71F422DE6003A4E17 /* LaunchScreen.storyboard in Resources */,
				BC9136B41F422DE6003A4E17 /* Assets.xcassets in Resources */,
				BC9136B21F422DE6003A4E17 /* Main.storyboard in Resources */,
			);
			runOnlyForDeploymentPostprocessing = 0;
		};
/* End PBXResourcesBuildPhase section */

/* Begin PBXSourcesBuildPhase section */
		BC9136A51F422DE6003A4E17 /* Sources */ = {
			isa = PBXSourcesBuildPhase;
			buildActionMask = 2147483647;
			files = (
				BC9136AF1F422DE6003A4E17 /* ViewController.swift in Sources */,
				BC9136C91F423870003A4E17 /* View2Controller.swift in Sources */,
				BC9136AD1F422DE6003A4E17 /* AppDelegate.swift in Sources */,
			);
			runOnlyForDeploymentPostprocessing = 0;
		};
/* End PBXSourcesBuildPhase section */

/* Begin PBXVariantGroup section */
		BC9136B01F422DE6003A4E17 /* Main.storyboard */ = {
			isa = PBXVariantGroup;
			children = (
				BC9136B11F422DE6003A4E17 /* Base */,
			);
			name = Main.storyboard;
			sourceTree = "<group>";
		};
		BC9136B51F422DE6003A4E17 /* LaunchScreen.storyboard */ = {
			isa = PBXVariantGroup;
			children = (
				BC9136B61F422DE6003A4E17 /* Base */,
			);
			name = LaunchScreen.storyboard;
			sourceTree = "<group>";
		};
/* End PBXVariantGroup section */

/* Begin XCBuildConfiguration section */
		BC9136B91F422DE6003A4E17 /* Debug */ = {
			isa = XCBuildConfiguration;
			buildSettings = {
				ALWAYS_SEARCH_USER_PATHS = NO;
				CLANG_ANALYZER_NONNULL = YES;
				CLANG_CXX_LANGUAGE_STANDARD = "gnu++0x";
				CLANG_CXX_LIBRARY = "libc++";
				CLANG_ENABLE_MODULES = YES;
				CLANG_ENABLE_OBJC_ARC = YES;
				CLANG_WARN_BOOL_CONVERSION = YES;
				CLANG_WARN_CONSTANT_CONVERSION = YES;
				CLANG_WARN_DIRECT_OBJC_ISA_USAGE = YES_ERROR;
				CLANG_WARN_DOCUMENTATION_COMMENTS = YES;
				CLANG_WARN_EMPTY_BODY = YES;
				CLANG_WARN_ENUM_CONVERSION = YES;
				CLANG_WARN_INFINITE_RECURSION = YES;
				CLANG_WARN_INT_CONVERSION = YES;
				CLANG_WARN_OBJC_ROOT_CLASS = YES_ERROR;
				CLANG_WARN_SUSPICIOUS_MOVES = YES;
				CLANG_WARN_UNREACHABLE_CODE = YES;
				CLANG_WARN__DUPLICATE_METHOD_MATCH = YES;
				"CODE_SIGN_IDENTITY[sdk=iphoneos*]" = "iPhone Developer";
				COPY_PHASE_STRIP = NO;
				DEBUG_INFORMATION_FORMAT = dwarf;
				ENABLE_STRICT_OBJC_MSGSEND = YES;
				ENABLE_TESTABILITY = YES;
				GCC_C_LANGUAGE_STANDARD = gnu99;
				GCC_DYNAMIC_NO_PIC = NO;
				GCC_NO_COMMON_BLOCKS = YES;
				GCC_OPTIMIZATION_LEVEL = 0;
				GCC_PREPROCESSOR_DEFINITIONS = (
					"DEBUG=1",
					"$(inherited)",
				);
				GCC_WARN_64_TO_32_BIT_CONVERSION = YES;
				GCC_WARN_ABOUT_RETURN_TYPE = YES_ERROR;
				GCC_WARN_UNDECLARED_SELECTOR = YES;
				GCC_WARN_UNINITIALIZED_AUTOS = YES_AGGRESSIVE;
				GCC_WARN_UNUSED_FUNCTION = YES;
				GCC_WARN_UNUSED_VARIABLE = YES;
				IPHONEOS_DEPLOYMENT_TARGET = 10.1;
				MTL_ENABLE_DEBUG_INFO = YES;
				ONLY_ACTIVE_ARCH = YES;
				SDKROOT = iphoneos;
				SWIFT_ACTIVE_COMPILATION_CONDITIONS = DEBUG;
				SWIFT_OPTIMIZATION_LEVEL = "-Onone";
			};
			name = Debug;
		};
		BC9136BA1F422DE6003A4E17 /* Release */ = {
			isa = XCBuildConfiguration;
			buildSettings = {
				ALWAYS_SEARCH_USER_PATHS = NO;
				CLANG_ANALYZER_NONNULL = YES;
				CLANG_CXX_LANGUAGE_STANDARD = "gnu++0x";
				CLANG_CXX_LIBRARY = "libc++";
				CLANG_ENABLE_MODULES = YES;
				CLANG_ENABLE_OBJC_ARC = YES;
				CLANG_WARN_BOOL_CONVERSION = YES;
				CLANG_WARN_CONSTANT_CONVERSION = YES;
				CLANG_WARN_DIRECT_OBJC_ISA_USAGE = YES_ERROR;
				CLANG_WARN_DOCUMENTATION_COMMENTS = YES;
				CLANG_WARN_EMPTY_BODY = YES;
				CLANG_WARN_ENUM_CONVERSION = YES;
				CLANG_WARN_INFINITE_RECURSION = YES;
				CLANG_WARN_INT_CONVERSION = YES;
				CLANG_WARN_OBJC_ROOT_CLASS = YES_ERROR;
				CLANG_WARN_SUSPICIOUS_MOVES = YES;
				CLANG_WARN_UNREACHABLE_CODE = YES;
				CLANG_WARN__DUPLICATE_METHOD_MATCH = YES;
				"CODE_SIGN_IDENTITY[sdk=iphoneos*]" = "iPhone Developer";
				COPY_PHASE_STRIP = NO;
				DEBUG_INFORMATION_FORMAT = "dwarf-with-dsym";
				ENABLE_NS_ASSERTIONS = NO;
				ENABLE_STRICT_OBJC_MSGSEND = YES;
				GCC_C_LANGUAGE_STANDARD = gnu99;
				GCC_NO_COMMON_BLOCKS = YES;
				GCC_WARN_64_TO_32_BIT_CONVERSION = YES;
				GCC_WARN_ABOUT_RETURN_TYPE = YES_ERROR;
				GCC_WARN_UNDECLARED_SELECTOR = YES;
				GCC_WARN_UNINITIALIZED_AUTOS = YES_AGGRESSIVE;
				GCC_WARN_UNUSED_FUNCTION = YES;
				GCC_WARN_UNUSED_VARIABLE = YES;
				IPHONEOS_DEPLOYMENT_TARGET = 10.1;
				MTL_ENABLE_DEBUG_INFO = NO;
				SDKROOT = iphoneos;
				SWIFT_OPTIMIZATION_LEVEL = "-Owholemodule";
				VALIDATE_PRODUCT = YES;
			};
			name = Release;
		};
		BC9136BC1F422DE6003A4E17 /* Debug */ = {
			isa = XCBuildConfiguration;
			buildSettings = {
				ASSETCATALOG_COMPILER_APPICON_NAME = AppIcon;
				INFOPLIST_FILE = mercedez/Info.plist;
				LD_RUNPATH_SEARCH_PATHS = "$(inherited) @executable_path/Frameworks";
				PRODUCT_BUNDLE_IDENTIFIER = abe.sanchez.mercedez;
				PRODUCT_NAME = "$(TARGET_NAME)";
				SWIFT_VERSION = 3.0;
			};
			name = Debug;
		};
		BC9136BD1F422DE6003A4E17 /* Release */ = {
			isa = XCBuildConfiguration;
			buildSettings = {
				ASSETCATALOG_COMPILER_APPICON_NAME = AppIcon;
				INFOPLIST_FILE = mercedez/Info.plist;
				LD_RUNPATH_SEARCH_PATHS = "$(inherited) @executable_path/Frameworks";
				PRODUCT_BUNDLE_IDENTIFIER = abe.sanchez.mercedez;
				PRODUCT_NAME = "$(TARGET_NAME)";
				SWIFT_VERSION = 3.0;
			};
			name = Release;
		};
/* End XCBuildConfiguration section */

/* Begin XCConfigurationList section */
		BC9136A41F422DE6003A4E17 /* Build configuration list for PBXProject "mercedez" */ = {
			isa = XCConfigurationList;
			buildConfigurations = (
				BC9136B91F422DE6003A4E17 /* Debug */,
				BC9136BA1F422DE6003A4E17 /* Release */,
			);
			defaultConfigurationIsVisible = 0;
			defaultConfigurationName = Release;
		};
		BC9136BB1F422DE6003A4E17 /* Build configuration list for PBXNativeTarget "mercedez" */ = {
			isa = XCConfigurationList;
			buildConfigurations = (
				BC9136BC1F422DE6003A4E17 /* Debug */,
				BC9136BD1F422DE6003A4E17 /* Release */,
			);
			defaultConfigurationIsVisible = 0;
		};
/* End XCConfigurationList section */
	};
	rootObject = BC9136A11F422DE6003A4E17 /* Project object */;
}
