// !$*UTF8*$!
{
	archiveVersion = 1;
	classes = {
	};
	objectVersion = 46;
	objects = {

/* Begin PBXBuildFile section */
		BC043E3B1F4750A100F7D96A /* AppDelegate.swift in Sources */ = {isa = PBXBuildFile; fileRef = BC043E3A1F4750A100F7D96A /* AppDelegate.swift */; };
		BC043E3D1F4750A100F7D96A /* ViewController.swift in Sources */ = {isa = PBXBuildFile; fileRef = BC043E3C1F4750A100F7D96A /* ViewController.swift */; };
		BC043E401F4750A100F7D96A /* Main.storyboard in Resources */ = {isa = PBXBuildFile; fileRef = BC043E3E1F4750A100F7D96A /* Main.storyboard */; };
		BC043E421F4750A100F7D96A /* Assets.xcassets in Resources */ = {isa = PBXBuildFile; fileRef = BC043E411F4750A100F7D96A /* Assets.xcassets */; };
		BC043E451F4750A100F7D96A /* LaunchScreen.storyboard in Resources */ = {isa = PBXBuildFile; fileRef = BC043E431F4750A100F7D96A /* LaunchScreen.storyboard */; };
/* End PBXBuildFile section */

/* Begin PBXFileReference section */
		BC043E371F4750A100F7D96A /* acelerometro.app */ = {isa = PBXFileReference; explicitFileType = wrapper.application; includeInIndex = 0; path = acelerometro.app; sourceTree = BUILT_PRODUCTS_DIR; };
		BC043E3A1F4750A100F7D96A /* AppDelegate.swift */ = {isa = PBXFileReference; lastKnownFileType = sourcecode.swift; path = AppDelegate.swift; sourceTree = "<group>"; };
		BC043E3C1F4750A100F7D96A /* ViewController.swift */ = {isa = PBXFileReference; lastKnownFileType = sourcecode.swift; path = ViewController.swift; sourceTree = "<group>"; };
		BC043E3F1F4750A100F7D96A /* Base */ = {isa = PBXFileReference; lastKnownFileType = file.storyboard; name = Base; path = Base.lproj/Main.storyboard; sourceTree = "<group>"; };
		BC043E411F4750A100F7D96A /* Assets.xcassets */ = {isa = PBXFileReference; lastKnownFileType = folder.assetcatalog; path = Assets.xcassets; sourceTree = "<group>"; };
		BC043E441F4750A100F7D96A /* Base */ = {isa = PBXFileReference; lastKnownFileType = file.storyboard; name = Base; path = Base.lproj/LaunchScreen.storyboard; sourceTree = "<group>"; };
		BC043E461F4750A100F7D96A /* Info.plist */ = {isa = PBXFileReference; lastKnownFileType = text.plist.xml; path = Info.plist; sourceTree = "<group>"; };
/* End PBXFileReference section */

/* Begin PBXFrameworksBuildPhase section */
		BC043E341F4750A100F7D96A /* Frameworks */ = {
			isa = PBXFrameworksBuildPhase;
			buildActionMask = 2147483647;
			files = (
			);
			runOnlyForDeploymentPostprocessing = 0;
		};
/* End PBXFrameworksBuildPhase section */

/* Begin PBXGroup section */
		BC043E2E1F4750A100F7D96A = {
			isa = PBXGroup;
			children = (
				BC043E391F4750A100F7D96A /* acelerometro */,
				BC043E381F4750A100F7D96A /* Products */,
			);
			sourceTree = "<group>";
		};
		BC043E381F4750A100F7D96A /* Products */ = {
			isa = PBXGroup;
			children = (
				BC043E371F4750A100F7D96A /* acelerometro.app */,
			);
			name = Products;
			sourceTree = "<group>";
		};
		BC043E391F4750A100F7D96A /* acelerometro */ = {
			isa = PBXGroup;
			children = (
				BC043E3A1F4750A100F7D96A /* AppDelegate.swift */,
				BC043E3C1F4750A100F7D96A /* ViewController.swift */,
				BC043E3E1F4750A100F7D96A /* Main.storyboard */,
				BC043E411F4750A100F7D96A /* Assets.xcassets */,
				BC043E431F4750A100F7D96A /* LaunchScreen.storyboard */,
				BC043E461F4750A100F7D96A /* Info.plist */,
			);
			path = acelerometro;
			sourceTree = "<group>";
		};
/* End PBXGroup section */

/* Begin PBXNativeTarget section */
		BC043E361F4750A100F7D96A /* acelerometro */ = {
			isa = PBXNativeTarget;
			buildConfigurationList = BC043E491F4750A100F7D96A /* Build configuration list for PBXNativeTarget "acelerometro" */;
			buildPhases = (
				BC043E331F4750A100F7D96A /* Sources */,
				BC043E341F4750A100F7D96A /* Frameworks */,
				BC043E351F4750A100F7D96A /* Resources */,
			);
			buildRules = (
			);
			dependencies = (
			);
			name = acelerometro;
			productName = acelerometro;
			productReference = BC043E371F4750A100F7D96A /* acelerometro.app */;
			productType = "com.apple.product-type.application";
		};
/* End PBXNativeTarget section */

/* Begin PBXProject section */
		BC043E2F1F4750A100F7D96A /* Project object */ = {
			isa = PBXProject;
			attributes = {
				LastSwiftUpdateCheck = 0810;
				LastUpgradeCheck = 0810;
				ORGANIZATIONNAME = abesanchez;
				TargetAttributes = {
					BC043E361F4750A100F7D96A = {
						CreatedOnToolsVersion = 8.1;
						ProvisioningStyle = Automatic;
					};
				};
			};
			buildConfigurationList = BC043E321F4750A100F7D96A /* Build configuration list for PBXProject "acelerometro" */;
			compatibilityVersion = "Xcode 3.2";
			developmentRegion = English;
			hasScannedForEncodings = 0;
			knownRegions = (
				en,
				Base,
			);
			mainGroup = BC043E2E1F4750A100F7D96A;
			productRefGroup = BC043E381F4750A100F7D96A /* Products */;
			projectDirPath = "";
			projectRoot = "";
			targets = (
				BC043E361F4750A100F7D96A /* acelerometro */,
			);
		};
/* End PBXProject section */

/* Begin PBXResourcesBuildPhase section */
		BC043E351F4750A100F7D96A /* Resources */ = {
			isa = PBXResourcesBuildPhase;
			buildActionMask = 2147483647;
			files = (
				BC043E451F4750A100F7D96A /* LaunchScreen.storyboard in Resources */,
				BC043E421F4750A100F7D96A /* Assets.xcassets in Resources */,
				BC043E401F4750A100F7D96A /* Main.storyboard in Resources */,
			);
			runOnlyForDeploymentPostprocessing = 0;
		};
/* End PBXResourcesBuildPhase section */

/* Begin PBXSourcesBuildPhase section */
		BC043E331F4750A100F7D96A /* Sources */ = {
			isa = PBXSourcesBuildPhase;
			buildActionMask = 2147483647;
			files = (
				BC043E3D1F4750A100F7D96A /* ViewController.swift in Sources */,
				BC043E3B1F4750A100F7D96A /* AppDelegate.swift in Sources */,
			);
			runOnlyForDeploymentPostprocessing = 0;
		};
/* End PBXSourcesBuildPhase section */

/* Begin PBXVariantGroup section */
		BC043E3E1F4750A100F7D96A /* Main.storyboard */ = {
			isa = PBXVariantGroup;
			children = (
				BC043E3F1F4750A100F7D96A /* Base */,
			);
			name = Main.storyboard;
			sourceTree = "<group>";
		};
		BC043E431F4750A100F7D96A /* LaunchScreen.storyboard */ = {
			isa = PBXVariantGroup;
			children = (
				BC043E441F4750A100F7D96A /* Base */,
			);
			name = LaunchScreen.storyboard;
			sourceTree = "<group>";
		};
/* End PBXVariantGroup section */

/* Begin XCBuildConfiguration section */
		BC043E471F4750A100F7D96A /* Debug */ = {
			isa = XCBuildConfiguration;
			buildSettings = {
				ALWAYS_SEARCH_USER_PATHS = NO;
				CLANG_ANALYZER_NONNULL = YES;
				CLANG_CXX_LANGUAGE_STANDARD = "gnu++0x";
				CLANG_CXX_LIBRARY = "libc++";
				CLANG_ENABLE_MODULES = YES;
				CLANG_ENABLE_OBJC_ARC = YES;
				CLANG_WARN_BOOL_CONVERSION = YES;
				CLANG_WARN_CONSTANT_CONVERSION = YES;
				CLANG_WARN_DIRECT_OBJC_ISA_USAGE = YES_ERROR;
				CLANG_WARN_DOCUMENTATION_COMMENTS = YES;
				CLANG_WARN_EMPTY_BODY = YES;
				CLANG_WARN_ENUM_CONVERSION = YES;
				CLANG_WARN_INFINITE_RECURSION = YES;
				CLANG_WARN_INT_CONVERSION = YES;
				CLANG_WARN_OBJC_ROOT_CLASS = YES_ERROR;
				CLANG_WARN_SUSPICIOUS_MOVES = YES;
				CLANG_WARN_UNREACHABLE_CODE = YES;
				CLANG_WARN__DUPLICATE_METHOD_MATCH = YES;
				"CODE_SIGN_IDENTITY[sdk=iphoneos*]" = "iPhone Developer";
				COPY_PHASE_STRIP = NO;
				DEBUG_INFORMATION_FORMAT = dwarf;
				ENABLE_STRICT_OBJC_MSGSEND = YES;
				ENABLE_TESTABILITY = YES;
				GCC_C_LANGUAGE_STANDARD = gnu99;
				GCC_DYNAMIC_NO_PIC = NO;
				GCC_NO_COMMON_BLOCKS = YES;
				GCC_OPTIMIZATION_LEVEL = 0;
				GCC_PREPROCESSOR_DEFINITIONS = (
					"DEBUG=1",
					"$(inherited)",
				);
				GCC_WARN_64_TO_32_BIT_CONVERSION = YES;
				GCC_WARN_ABOUT_RETURN_TYPE = YES_ERROR;
				GCC_WARN_UNDECLARED_SELECTOR = YES;
				GCC_WARN_UNINITIALIZED_AUTOS = YES_AGGRESSIVE;
				GCC_WARN_UNUSED_FUNCTION = YES;
				GCC_WARN_UNUSED_VARIABLE = YES;
				IPHONEOS_DEPLOYMENT_TARGET = 10.1;
				MTL_ENABLE_DEBUG_INFO = YES;
				ONLY_ACTIVE_ARCH = YES;
				SDKROOT = iphoneos;
				SWIFT_ACTIVE_COMPILATION_CONDITIONS = DEBUG;
				SWIFT_OPTIMIZATION_LEVEL = "-Onone";
				TARGETED_DEVICE_FAMILY = "1,2";
			};
			name = Debug;
		};
		BC043E481F4750A100F7D96A /* Release */ = {
			isa = XCBuildConfiguration;
			buildSettings = {
				ALWAYS_SEARCH_USER_PATHS = NO;
				CLANG_ANALYZER_NONNULL = YES;
				CLANG_CXX_LANGUAGE_STANDARD = "gnu++0x";
				CLANG_CXX_LIBRARY = "libc++";
				CLANG_ENABLE_MODULES = YES;
				CLANG_ENABLE_OBJC_ARC = YES;
				CLANG_WARN_BOOL_CONVERSION = YES;
				CLANG_WARN_CONSTANT_CONVERSION = YES;
				CLANG_WARN_DIRECT_OBJC_ISA_USAGE = YES_ERROR;
				CLANG_WARN_DOCUMENTATION_COMMENTS = YES;
				CLANG_WARN_EMPTY_BODY = YES;
				CLANG_WARN_ENUM_CONVERSION = YES;
				CLANG_WARN_INFINITE_RECURSION = YES;
				CLANG_WARN_INT_CONVERSION = YES;
				CLANG_WARN_OBJC_ROOT_CLASS = YES_ERROR;
				CLANG_WARN_SUSPICIOUS_MOVES = YES;
				CLANG_WARN_UNREACHABLE_CODE = YES;
				CLANG_WARN__DUPLICATE_METHOD_MATCH = YES;
				"CODE_SIGN_IDENTITY[sdk=iphoneos*]" = "iPhone Developer";
				COPY_PHASE_STRIP = NO;
				DEBUG_INFORMATION_FORMAT = "dwarf-with-dsym";
				ENABLE_NS_ASSERTIONS = NO;
				ENABLE_STRICT_OBJC_MSGSEND = YES;
				GCC_C_LANGUAGE_STANDARD = gnu99;
				GCC_NO_COMMON_BLOCKS = YES;
				GCC_WARN_64_TO_32_BIT_CONVERSION = YES;
				GCC_WARN_ABOUT_RETURN_TYPE = YES_ERROR;
				GCC_WARN_UNDECLARED_SELECTOR = YES;
				GCC_WARN_UNINITIALIZED_AUTOS = YES_AGGRESSIVE;
				GCC_WARN_UNUSED_FUNCTION = YES;
				GCC_WARN_UNUSED_VARIABLE = YES;
				IPHONEOS_DEPLOYMENT_TARGET = 10.1;
				MTL_ENABLE_DEBUG_INFO = NO;
				SDKROOT = iphoneos;
				SWIFT_OPTIMIZATION_LEVEL = "-Owholemodule";
				TARGETED_DEVICE_FAMILY = "1,2";
				VALIDATE_PRODUCT = YES;
			};
			name = Release;
		};
		BC043E4A1F4750A100F7D96A /* Debug */ = {
			isa = XCBuildConfiguration;
			buildSettings = {
				ASSETCATALOG_COMPILER_APPICON_NAME = AppIcon;
				INFOPLIST_FILE = acelerometro/Info.plist;
				LD_RUNPATH_SEARCH_PATHS = "$(inherited) @executable_path/Frameworks";
				PRODUCT_BUNDLE_IDENTIFIER = caliente.acelerometro;
				PRODUCT_NAME = "$(TARGET_NAME)";
				SWIFT_VERSION = 3.0;
			};
			name = Debug;
		};
		BC043E4B1F4750A100F7D96A /* Release */ = {
			isa = XCBuildConfiguration;
			buildSettings = {
				ASSETCATALOG_COMPILER_APPICON_NAME = AppIcon;
				INFOPLIST_FILE = acelerometro/Info.plist;
				LD_RUNPATH_SEARCH_PATHS = "$(inherited) @executable_path/Frameworks";
				PRODUCT_BUNDLE_IDENTIFIER = caliente.acelerometro;
				PRODUCT_NAME = "$(TARGET_NAME)";
				SWIFT_VERSION = 3.0;
			};
			name = Release;
		};
/* End XCBuildConfiguration section */

/* Begin XCConfigurationList section */
		BC043E321F4750A100F7D96A /* Build configuration list for PBXProject "acelerometro" */ = {
			isa = XCConfigurationList;
			buildConfigurations = (
				BC043E471F4750A100F7D96A /* Debug */,
				BC043E481F4750A100F7D96A /* Release */,
			);
			defaultConfigurationIsVisible = 0;
			defaultConfigurationName = Release;
		};
		BC043E491F4750A100F7D96A /* Build configuration list for PBXNativeTarget "acelerometro" */ = {
			isa = XCConfigurationList;
			buildConfigurations = (
				BC043E4A1F4750A100F7D96A /* Debug */,
				BC043E4B1F4750A100F7D96A /* Release */,
			);
			defaultConfigurationIsVisible = 0;
		};
/* End XCConfigurationList section */
	};
	rootObject = BC043E2F1F4750A100F7D96A /* Project object */;
}
